
Microsoft Visual Studio Solution File, Format Version 12.00
# Visual Studio 15
Project("{FAE04EC0-301F-11D3-BF4B-00C04F79EFBC}") = "Assembly-CSharp", "Assembly-CSharp.csproj", "{F78F594F-EBBE-DF79-C9FE-DFEAC908C892}"
EndProject
Project("{FAE04EC0-301F-11D3-BF4B-00C04F79EFBC}") = "Assembly-CSharp-Editor", "Assembly-CSharp-Editor.csproj", "{ABECA916-7EFE-C94B-DC2A-DDB57FA0B6F4}"
EndProject
Global
	GlobalSection(SolutionConfigurationPlatforms) = preSolution
		Debug|Any CPU = Debug|Any CPU
		Release|Any CPU = Release|Any CPU
	EndGlobalSection
	GlobalSection(ProjectConfigurationPlatforms) = postSolution
		{F78F594F-EBBE-DF79-C9FE-DFEAC908C892}.Debug|Any CPU.ActiveCfg = Debug|Any CPU
		{F78F594F-EBBE-DF79-C9FE-DFEAC908C892}.Debug|Any CPU.Build.0 = Debug|Any CPU
		{F78F594F-EBBE-DF79-C9FE-DFEAC908C892}.Release|Any CPU.ActiveCfg = Release|Any CPU
		{F78F594F-EBBE-DF79-C9FE-DFEAC908C892}.Release|Any CPU.Build.0 = Release|Any CPU
		{ABECA916-7EFE-C94B-DC2A-DDB57FA0B6F4}.Debug|Any CPU.ActiveCfg = Debug|Any CPU
		{ABECA916-7EFE-C94B-DC2A-DDB57FA0B6F4}.Debug|Any CPU.Build.0 = Debug|Any CPU
		{ABECA916-7EFE-C94B-DC2A-DDB57FA0B6F4}.Release|Any CPU.ActiveCfg = Release|Any CPU
		{ABECA916-7EFE-C94B-DC2A-DDB57FA0B6F4}.Release|Any CPU.Build.0 = Release|Any CPU
	EndGlobalSection
	GlobalSection(SolutionProperties) = preSolution
		HideSolutionNode = FALSE
	EndGlobalSection
EndGlobal
